
Microsoft Visual Studio Solution File, Format Version 12.00
# Visual Studio Version 17
VisualStudioVersion = 17.4.33110.190
MinimumVisualStudioVersion = 10.0.40219.1
Project("{FAE04EC0-301F-11D3-BF4B-00C04F79EFBC}") = "Core", "Core\Core.csproj", "{4ED24F16-C808-4A93-BF92-206203F5CF23}"
EndProject
Project("{FAE04EC0-301F-11D3-BF4B-00C04F79EFBC}") = "DataAccess", "DataAccess\DataAccess.csproj", "{4C2E943B-0E46-42FE-81D1-C0379D00018B}"
EndProject
Project("{FAE04EC0-301F-11D3-BF4B-00C04F79EFBC}") = "WebUI", "WebUI\WebUI.csproj", "{BF421B9B-CC13-4004-9127-E3BAD7E9B996}"
EndProject
Global
	GlobalSection(SolutionConfigurationPlatforms) = preSolution
		Debug|Any CPU = Debug|Any CPU
		Release|Any CPU = Release|Any CPU
	EndGlobalSection
	GlobalSection(ProjectConfigurationPlatforms) = postSolution
		{4ED24F16-C808-4A93-BF92-206203F5CF23}.Debug|Any CPU.ActiveCfg = Debug|Any CPU
		{4ED24F16-C808-4A93-BF92-206203F5CF23}.Debug|Any CPU.Build.0 = Debug|Any CPU
		{4ED24F16-C808-4A93-BF92-206203F5CF23}.Release|Any CPU.ActiveCfg = Release|Any CPU
		{4ED24F16-C808-4A93-BF92-206203F5CF23}.Release|Any CPU.Build.0 = Release|Any CPU
		{4C2E943B-0E46-42FE-81D1-C0379D00018B}.Debug|Any CPU.ActiveCfg = Debug|Any CPU
		{4C2E943B-0E46-42FE-81D1-C0379D00018B}.Debug|Any CPU.Build.0 = Debug|Any CPU
		{4C2E943B-0E46-42FE-81D1-C0379D00018B}.Release|Any CPU.ActiveCfg = Release|Any CPU
		{4C2E943B-0E46-42FE-81D1-C0379D00018B}.Release|Any CPU.Build.0 = Release|Any CPU
		{BF421B9B-CC13-4004-9127-E3BAD7E9B996}.Debug|Any CPU.ActiveCfg = Debug|Any CPU
		{BF421B9B-CC13-4004-9127-E3BAD7E9B996}.Debug|Any CPU.Build.0 = Debug|Any CPU
		{BF421B9B-CC13-4004-9127-E3BAD7E9B996}.Release|Any CPU.ActiveCfg = Release|Any CPU
		{BF421B9B-CC13-4004-9127-E3BAD7E9B996}.Release|Any CPU.Build.0 = Release|Any CPU
	EndGlobalSection
	GlobalSection(SolutionProperties) = preSolution
		HideSolutionNode = FALSE
	EndGlobalSection
	GlobalSection(ExtensibilityGlobals) = postSolution
		SolutionGuid = {1DB5B3B4-5964-4538-B93C-DF9BC5AB84D7}
	EndGlobalSection
EndGlobal
